
Microsoft Visual Studio Solution File, Format Version 12.00
# Visual Studio Version 17
VisualStudioVersion = 17.1.32421.90
MinimumVisualStudioVersion = 10.0.40219.1
Project("{FAE04EC0-301F-11D3-BF4B-00C04F79EFBC}") = "codeWars27-05-22", "codeWars27-05-22.csproj", "{A8C32CE2-6C01-46F7-ABFA-CF2DE65A5B7B}"
EndProject
Global
	GlobalSection(SolutionConfigurationPlatforms) = preSolution
		Debug|Any CPU = Debug|Any CPU
		Release|Any CPU = Release|Any CPU
	EndGlobalSection
	GlobalSection(ProjectConfigurationPlatforms) = postSolution
		{A8C32CE2-6C01-46F7-ABFA-CF2DE65A5B7B}.Debug|Any CPU.ActiveCfg = Debug|Any CPU
		{A8C32CE2-6C01-46F7-ABFA-CF2DE65A5B7B}.Debug|Any CPU.Build.0 = Debug|Any CPU
		{A8C32CE2-6C01-46F7-ABFA-CF2DE65A5B7B}.Release|Any CPU.ActiveCfg = Release|Any CPU
		{A8C32CE2-6C01-46F7-ABFA-CF2DE65A5B7B}.Release|Any CPU.Build.0 = Release|Any CPU
	EndGlobalSection
	GlobalSection(SolutionProperties) = preSolution
		HideSolutionNode = FALSE
	EndGlobalSection
	GlobalSection(ExtensibilityGlobals) = postSolution
		SolutionGuid = {53DDB593-AE28-4A03-B3BD-F6B0529D6D7E}
	EndGlobalSection
EndGlobal
